{
  "requires": true,
  "lockfileVersion": 1,
  "dependencies": {
    "cordova-build-architecture": {
      "version": "git+https://github.com/MBuchalik/cordova-build-architecture.git#bc126ae7761f33abd25fd0c566b3b7d5107c314b",
      "from": "git+https://github.com/MBuchalik/cordova-build-architecture.git#v1.0.4",
      "dev": true
    },
    "cordova-plugin-crosswalk-webview": {
      "version": "2.4.0",
      "resolved": "https://registry.npmjs.org/cordova-plugin-crosswalk-webview/-/cordova-plugin-crosswalk-webview-2.4.0.tgz",
      "integrity": "sha512-XoUBv7RHvOWMKtI5mwSUzZDgStTaFfRlmZeC1cgicel6cX88IFMr+qqECix5V/xlutiLgEv34rxP4jR3Br19Cg==",
      "dev": true
    },
    "cordova-plugin-splashscreen": {
      "version": "5.0.3",
      "resolved": "https://registry.npmjs.org/cordova-plugin-splashscreen/-/cordova-plugin-splashscreen-5.0.3.tgz",
      "integrity": "sha512-rnoDXMDfzoeHDBvsnu6JmzDE/pV5YJCAfc5hYX/Mb2BIXGgSjFJheByt0tU6kp3Wl40tSyFX4pYfBwFblBGyRg==",
      "dev": true
    },
    "cordova-plugin-statusbar": {
      "version": "2.4.3",
      "resolved": "https://registry.npmjs.org/cordova-plugin-statusbar/-/cordova-plugin-statusbar-2.4.3.tgz",
      "integrity": "sha512-ThmXzl6QIKWFXf4wWw7Q/zpB+VKkz3VM958+5A0sXD4jmR++u7KnGttLksXshVwWr6lvGwUebLYtIyXwS4Ovcg=="
    },
    "cordova-plugin-whitelist": {
      "version": "1.3.4",
      "resolved": "https://registry.npmjs.org/cordova-plugin-whitelist/-/cordova-plugin-whitelist-1.3.4.tgz",
      "integrity": "sha512-EYC5eQFVkoYXq39l7tYKE6lEjHJ04mvTmKXxGL7quHLdFPfJMNzru/UYpn92AOfpl3PQaZmou78C7EgmFOwFQQ==",
      "dev": true
    }
  }
}
